
Microsoft Visual Studio Solution File, Format Version 12.00
# Visual Studio Version 17
VisualStudioVersion = 17.5.33516.290
MinimumVisualStudioVersion = 10.0.40219.1
Project("{FAE04EC0-301F-11D3-BF4B-00C04F79EFBC}") = "WebApi_RESTful_proj", "WebApi_RESTfull_proj\WebApi_RESTful_proj.csproj", "{3B6D5DC2-15EF-4145-A8A6-DC14DC8964DE}"
EndProject
Global
	GlobalSection(SolutionConfigurationPlatforms) = preSolution
		Debug|Any CPU = Debug|Any CPU
		Release|Any CPU = Release|Any CPU
	EndGlobalSection
	GlobalSection(ProjectConfigurationPlatforms) = postSolution
		{3B6D5DC2-15EF-4145-A8A6-DC14DC8964DE}.Debug|Any CPU.ActiveCfg = Debug|Any CPU
		{3B6D5DC2-15EF-4145-A8A6-DC14DC8964DE}.Debug|Any CPU.Build.0 = Debug|Any CPU
		{3B6D5DC2-15EF-4145-A8A6-DC14DC8964DE}.Release|Any CPU.ActiveCfg = Release|Any CPU
		{3B6D5DC2-15EF-4145-A8A6-DC14DC8964DE}.Release|Any CPU.Build.0 = Release|Any CPU
	EndGlobalSection
	GlobalSection(SolutionProperties) = preSolution
		HideSolutionNode = FALSE
	EndGlobalSection
	GlobalSection(ExtensibilityGlobals) = postSolution
		SolutionGuid = {0475205A-8384-4C23-AE5F-F88B8DBA9A66}
	EndGlobalSection
EndGlobal
